
Microsoft Visual Studio Solution File, Format Version 12.00
# Visual Studio Version 17
VisualStudioVersion = 17.0.31903.59
MinimumVisualStudioVersion = 10.0.40219.1
Project("{FAE04EC0-301F-11D3-BF4B-00C04F79EFBC}") = "OnxAdmin.API", "OnxAdmin.API\OnxAdmin.API.csproj", "{E4AD3180-42EB-4131-A00C-423797AF25B2}"
EndProject
Project("{FAE04EC0-301F-11D3-BF4B-00C04F79EFBC}") = "OnxAdmin.AppHost", "OnxAdmin.AppHost\OnxAdmin.AppHost.csproj", "{B8C8D742-E10E-401F-8CE9-4B9A108CD46B}"
EndProject
Project("{FAE04EC0-301F-11D3-BF4B-00C04F79EFBC}") = "OnxAdmin.ServiceDefaults", "OnxAdmin.ServiceDefaults\OnxAdmin.ServiceDefaults.csproj", "{3C6D64BA-7580-4017-9566-DD8EC1D88D9C}"
EndProject
Global
	GlobalSection(SolutionConfigurationPlatforms) = preSolution
		Debug|Any CPU = Debug|Any CPU
		Release|Any CPU = Release|Any CPU
	EndGlobalSection
	GlobalSection(SolutionProperties) = preSolution
		HideSolutionNode = FALSE
	EndGlobalSection
	GlobalSection(ProjectConfigurationPlatforms) = postSolution
		{E4AD3180-42EB-4131-A00C-423797AF25B2}.Debug|Any CPU.ActiveCfg = Debug|Any CPU
		{E4AD3180-42EB-4131-A00C-423797AF25B2}.Debug|Any CPU.Build.0 = Debug|Any CPU
		{E4AD3180-42EB-4131-A00C-423797AF25B2}.Release|Any CPU.ActiveCfg = Release|Any CPU
		{E4AD3180-42EB-4131-A00C-423797AF25B2}.Release|Any CPU.Build.0 = Release|Any CPU
		{B8C8D742-E10E-401F-8CE9-4B9A108CD46B}.Debug|Any CPU.ActiveCfg = Debug|Any CPU
		{B8C8D742-E10E-401F-8CE9-4B9A108CD46B}.Debug|Any CPU.Build.0 = Debug|Any CPU
		{B8C8D742-E10E-401F-8CE9-4B9A108CD46B}.Release|Any CPU.ActiveCfg = Release|Any CPU
		{B8C8D742-E10E-401F-8CE9-4B9A108CD46B}.Release|Any CPU.Build.0 = Release|Any CPU
		{3C6D64BA-7580-4017-9566-DD8EC1D88D9C}.Debug|Any CPU.ActiveCfg = Debug|Any CPU
		{3C6D64BA-7580-4017-9566-DD8EC1D88D9C}.Debug|Any CPU.Build.0 = Debug|Any CPU
		{3C6D64BA-7580-4017-9566-DD8EC1D88D9C}.Release|Any CPU.ActiveCfg = Release|Any CPU
		{3C6D64BA-7580-4017-9566-DD8EC1D88D9C}.Release|Any CPU.Build.0 = Release|Any CPU
	EndGlobalSection
EndGlobal
